
Microsoft Visual Studio Solution File, Format Version 12.00
# Visual Studio Version 16
VisualStudioVersion = 16.0.31911.196
MinimumVisualStudioVersion = 10.0.40219.1
Project("{FAE04EC0-301F-11D3-BF4B-00C04F79EFBC}") = "MyHotFix", "MyHotFix.csproj", "{296B9DD4-25F8-42BB-A13A-9C121AA18AEA}"
EndProject
Global
	GlobalSection(SolutionConfigurationPlatforms) = preSolution
		Debug|Any CPU = Debug|Any CPU
		Release|Any CPU = Release|Any CPU
	EndGlobalSection
	GlobalSection(ProjectConfigurationPlatforms) = postSolution
		{296B9DD4-25F8-42BB-A13A-9C121AA18AEA}.Debug|Any CPU.ActiveCfg = Debug|Any CPU
		{296B9DD4-25F8-42BB-A13A-9C121AA18AEA}.Debug|Any CPU.Build.0 = Debug|Any CPU
		{296B9DD4-25F8-42BB-A13A-9C121AA18AEA}.Release|Any CPU.ActiveCfg = Release|Any CPU
		{296B9DD4-25F8-42BB-A13A-9C121AA18AEA}.Release|Any CPU.Build.0 = Release|Any CPU
	EndGlobalSection
	GlobalSection(SolutionProperties) = preSolution
		HideSolutionNode = FALSE
	EndGlobalSection
	GlobalSection(ExtensibilityGlobals) = postSolution
		SolutionGuid = {F16ABC4B-9507-45D5-A3EF-CC18D2562522}
	EndGlobalSection
EndGlobal
